
Microsoft Visual Studio Solution File, Format Version 12.00
# Visual Studio Version 16
VisualStudioVersion = 16.0.30907.101
MinimumVisualStudioVersion = 10.0.40219.1
Project("{2150E333-8FDC-42A3-9474-1A3956D46DE8}") = "0-Api", "0-Api", "{84C7C538-1C7B-409D-A701-87B305C86BF8}"
EndProject
Project("{2150E333-8FDC-42A3-9474-1A3956D46DE8}") = "1-Aplication", "1-Aplication", "{C5FE8E61-F9D0-45CE-94E2-B348ABA261FA}"
EndProject
Project("{2150E333-8FDC-42A3-9474-1A3956D46DE8}") = "2-Domain", "2-Domain", "{94810273-1760-4D38-A633-D0DBEB9B007B}"
EndProject
Project("{2150E333-8FDC-42A3-9474-1A3956D46DE8}") = "3-Infrastructure", "3-Infrastructure", "{99E83040-2E2C-4BB1-9F1A-734C8BE7FFBA}"
EndProject
Project("{2150E333-8FDC-42A3-9474-1A3956D46DE8}") = "4-Tests", "4-Tests", "{11F840FC-71A8-425F-8055-9E3BBE395C37}"
EndProject
Project("{FAE04EC0-301F-11D3-BF4B-00C04F79EFBC}") = "InstaGama.Domain", "src\Modules\InstaGama.Domain\InstaGama.Domain.csproj", "{85CB7632-82C1-4E4D-AAA4-F4BBD01CE5F2}"
EndProject
Project("{2150E333-8FDC-42A3-9474-1A3956D46DE8}") = "3.1-Repositories", "3.1-Repositories", "{A407B16E-01FD-46CE-B03A-363109948A9B}"
EndProject
Project("{2150E333-8FDC-42A3-9474-1A3956D46DE8}") = "3.2-IoC", "3.2-IoC", "{819F2CCF-FBC3-40CF-A2B5-90496AE8DB83}"
EndProject
Project("{FAE04EC0-301F-11D3-BF4B-00C04F79EFBC}") = "InstaGama.Repositories", "src\Modules\InstaGama.Repositories\InstaGama.Repositories.csproj", "{1D48A8E9-217A-4103-BBA2-0B7DFF7977CF}"
EndProject
Global
	GlobalSection(SolutionConfigurationPlatforms) = preSolution
		Debug|Any CPU = Debug|Any CPU
		Release|Any CPU = Release|Any CPU
	EndGlobalSection
	GlobalSection(ProjectConfigurationPlatforms) = postSolution
		{85CB7632-82C1-4E4D-AAA4-F4BBD01CE5F2}.Debug|Any CPU.ActiveCfg = Debug|Any CPU
		{85CB7632-82C1-4E4D-AAA4-F4BBD01CE5F2}.Debug|Any CPU.Build.0 = Debug|Any CPU
		{85CB7632-82C1-4E4D-AAA4-F4BBD01CE5F2}.Release|Any CPU.ActiveCfg = Release|Any CPU
		{85CB7632-82C1-4E4D-AAA4-F4BBD01CE5F2}.Release|Any CPU.Build.0 = Release|Any CPU
		{1D48A8E9-217A-4103-BBA2-0B7DFF7977CF}.Debug|Any CPU.ActiveCfg = Debug|Any CPU
		{1D48A8E9-217A-4103-BBA2-0B7DFF7977CF}.Debug|Any CPU.Build.0 = Debug|Any CPU
		{1D48A8E9-217A-4103-BBA2-0B7DFF7977CF}.Release|Any CPU.ActiveCfg = Release|Any CPU
		{1D48A8E9-217A-4103-BBA2-0B7DFF7977CF}.Release|Any CPU.Build.0 = Release|Any CPU
	EndGlobalSection
	GlobalSection(SolutionProperties) = preSolution
		HideSolutionNode = FALSE
	EndGlobalSection
	GlobalSection(NestedProjects) = preSolution
		{85CB7632-82C1-4E4D-AAA4-F4BBD01CE5F2} = {94810273-1760-4D38-A633-D0DBEB9B007B}
		{A407B16E-01FD-46CE-B03A-363109948A9B} = {99E83040-2E2C-4BB1-9F1A-734C8BE7FFBA}
		{819F2CCF-FBC3-40CF-A2B5-90496AE8DB83} = {99E83040-2E2C-4BB1-9F1A-734C8BE7FFBA}
		{1D48A8E9-217A-4103-BBA2-0B7DFF7977CF} = {A407B16E-01FD-46CE-B03A-363109948A9B}
	EndGlobalSection
	GlobalSection(ExtensibilityGlobals) = postSolution
		SolutionGuid = {80874ACC-8837-4557-9454-504EA80B912D}
	EndGlobalSection
EndGlobal
